
Microsoft Visual Studio Solution File, Format Version 12.00
# Visual Studio 15
VisualStudioVersion = 15.0.26124.0
MinimumVisualStudioVersion = 15.0.26124.0
Project("{FAE04EC0-301F-11D3-BF4B-00C04F79EFBC}") = "ConScrap.Cmd", "ConScrap.Cmd\ConScrap.Cmd.csproj", "{BF28F4D0-341A-4D4F-A769-D990D1AB02B1}"
EndProject
Project("{FAE04EC0-301F-11D3-BF4B-00C04F79EFBC}") = "ConScrap", "ConScrap\ConScrap.csproj", "{ADFFDD43-D654-48AB-A300-88C42EC5EA29}"
EndProject
Project("{FAE04EC0-301F-11D3-BF4B-00C04F79EFBC}") = "ConScrap.Tests", "ConScrap.Tests\ConScrap.Tests.csproj", "{59981E9A-F963-465C-9756-C64DBA33D84A}"
EndProject
Global
	GlobalSection(SolutionConfigurationPlatforms) = preSolution
		Debug|Any CPU = Debug|Any CPU
		Debug|x64 = Debug|x64
		Debug|x86 = Debug|x86
		Release|Any CPU = Release|Any CPU
		Release|x64 = Release|x64
		Release|x86 = Release|x86
	EndGlobalSection
	GlobalSection(SolutionProperties) = preSolution
		HideSolutionNode = FALSE
	EndGlobalSection
	GlobalSection(ProjectConfigurationPlatforms) = postSolution
		{BF28F4D0-341A-4D4F-A769-D990D1AB02B1}.Debug|Any CPU.ActiveCfg = Debug|Any CPU
		{BF28F4D0-341A-4D4F-A769-D990D1AB02B1}.Debug|Any CPU.Build.0 = Debug|Any CPU
		{BF28F4D0-341A-4D4F-A769-D990D1AB02B1}.Debug|x64.ActiveCfg = Debug|Any CPU
		{BF28F4D0-341A-4D4F-A769-D990D1AB02B1}.Debug|x64.Build.0 = Debug|Any CPU
		{BF28F4D0-341A-4D4F-A769-D990D1AB02B1}.Debug|x86.ActiveCfg = Debug|Any CPU
		{BF28F4D0-341A-4D4F-A769-D990D1AB02B1}.Debug|x86.Build.0 = Debug|Any CPU
		{BF28F4D0-341A-4D4F-A769-D990D1AB02B1}.Release|Any CPU.ActiveCfg = Release|Any CPU
		{BF28F4D0-341A-4D4F-A769-D990D1AB02B1}.Release|Any CPU.Build.0 = Release|Any CPU
		{BF28F4D0-341A-4D4F-A769-D990D1AB02B1}.Release|x64.ActiveCfg = Release|Any CPU
		{BF28F4D0-341A-4D4F-A769-D990D1AB02B1}.Release|x64.Build.0 = Release|Any CPU
		{BF28F4D0-341A-4D4F-A769-D990D1AB02B1}.Release|x86.ActiveCfg = Release|Any CPU
		{BF28F4D0-341A-4D4F-A769-D990D1AB02B1}.Release|x86.Build.0 = Release|Any CPU
		{ADFFDD43-D654-48AB-A300-88C42EC5EA29}.Debug|Any CPU.ActiveCfg = Debug|Any CPU
		{ADFFDD43-D654-48AB-A300-88C42EC5EA29}.Debug|Any CPU.Build.0 = Debug|Any CPU
		{ADFFDD43-D654-48AB-A300-88C42EC5EA29}.Debug|x64.ActiveCfg = Debug|Any CPU
		{ADFFDD43-D654-48AB-A300-88C42EC5EA29}.Debug|x64.Build.0 = Debug|Any CPU
		{ADFFDD43-D654-48AB-A300-88C42EC5EA29}.Debug|x86.ActiveCfg = Debug|Any CPU
		{ADFFDD43-D654-48AB-A300-88C42EC5EA29}.Debug|x86.Build.0 = Debug|Any CPU
		{ADFFDD43-D654-48AB-A300-88C42EC5EA29}.Release|Any CPU.ActiveCfg = Release|Any CPU
		{ADFFDD43-D654-48AB-A300-88C42EC5EA29}.Release|Any CPU.Build.0 = Release|Any CPU
		{ADFFDD43-D654-48AB-A300-88C42EC5EA29}.Release|x64.ActiveCfg = Release|Any CPU
		{ADFFDD43-D654-48AB-A300-88C42EC5EA29}.Release|x64.Build.0 = Release|Any CPU
		{ADFFDD43-D654-48AB-A300-88C42EC5EA29}.Release|x86.ActiveCfg = Release|Any CPU
		{ADFFDD43-D654-48AB-A300-88C42EC5EA29}.Release|x86.Build.0 = Release|Any CPU
		{59981E9A-F963-465C-9756-C64DBA33D84A}.Debug|Any CPU.ActiveCfg = Debug|Any CPU
		{59981E9A-F963-465C-9756-C64DBA33D84A}.Debug|Any CPU.Build.0 = Debug|Any CPU
		{59981E9A-F963-465C-9756-C64DBA33D84A}.Debug|x64.ActiveCfg = Debug|Any CPU
		{59981E9A-F963-465C-9756-C64DBA33D84A}.Debug|x64.Build.0 = Debug|Any CPU
		{59981E9A-F963-465C-9756-C64DBA33D84A}.Debug|x86.ActiveCfg = Debug|Any CPU
		{59981E9A-F963-465C-9756-C64DBA33D84A}.Debug|x86.Build.0 = Debug|Any CPU
		{59981E9A-F963-465C-9756-C64DBA33D84A}.Release|Any CPU.ActiveCfg = Release|Any CPU
		{59981E9A-F963-465C-9756-C64DBA33D84A}.Release|Any CPU.Build.0 = Release|Any CPU
		{59981E9A-F963-465C-9756-C64DBA33D84A}.Release|x64.ActiveCfg = Release|Any CPU
		{59981E9A-F963-465C-9756-C64DBA33D84A}.Release|x64.Build.0 = Release|Any CPU
		{59981E9A-F963-465C-9756-C64DBA33D84A}.Release|x86.ActiveCfg = Release|Any CPU
		{59981E9A-F963-465C-9756-C64DBA33D84A}.Release|x86.Build.0 = Release|Any CPU
	EndGlobalSection
EndGlobal
